<?xml version="1.0" encoding="utf-8"?>
<Project ToolsVersion="4.0" xmlns="http://schemas.microsoft.com/developer/msbuild/2003">
  <ItemGroup>
    <ClCompile Include="GlobalContext.cpp" />
    <ClCompile Include="imgui_impl_dx11.cpp" />
    <ClCompile Include="imgui_impl_win32.cpp" />
    <ClCompile Include="Main.cpp" />
    <ClCompile Include="Texture2D.cpp" />
    <ClCompile Include="Renderer.cpp" />
    <ClCompile Include="PlaneRenderer.cpp" />
    <ClCompile Include="Camera.cpp" />
    <ClCompile Include="AssetImporter.cpp" />
    <ClCompile Include="WorldSystem.cpp" />
    <ClCompile Include="BvhTree.cpp" />
    <ClCompile Include="DebugRenderer.cpp" />
    <ClCompile Include="AssetLibrary.cpp" />
    <ClCompile Include="InstancingRenderer.cpp" />
    <ClCompile Include="InstancingRenderer1.cpp" />
    <ClCompile Include="InstancingRenderer2.cpp" />
  </ItemGroup>
  <ItemGroup>
    <ClInclude Include="AlignedVector.h" />
    <ClInclude Include="CullingSoa.h" />
    <ClInclude Include="ThreadPool.h" />
    <ClInclude Include="GlobalContext.h" />
    <ClInclude Include="imgui_impl_dx11.h" />
    <ClInclude Include="imgui_impl_win32.h" />
    <ClInclude Include="D3DHelper.h" />
    <ClInclude Include="StructuredBuffer.h" />
    <ClInclude Include="Texture2D.h" />
    <ClInclude Include="Renderer.h" />
    <ClInclude Include="PlaneRenderer.h" />
    <ClInclude Include="Camera.h" />
    <ClInclude Include="AssetImporter.h" />
    <ClInclude Include="VertexPositionNormalTangentTexture.h" />
    <ClInclude Include="WorldSystem.h" />
    <ClInclude Include="StaticObject.h" />
    <ClInclude Include="ObjectInstance.h" />
    <ClInclude Include="BvhTree.h" />
    <ClInclude Include="DebugRenderer.h" />
    <ClInclude Include="AssetLibrary.h" />
    <ClInclude Include="SubmeshInstance.h" />
    <ClInclude Include="Material.h" />
    <ClInclude Include="MergedSubmeshInstance.h" />
    <ClInclude Include="InstancingRenderer.h" />
    <ClInclude Include="VertexBuffer.h" />
    <ClInclude Include="InstancingRenderer1.h" />
    <ClInclude Include="InstancingRenderer2.h" />
    <ClInclude Include="GpuConstants.h" />
  </ItemGroup>
  <ItemGroup>
    <Filter Include="Shader">
      <UniqueIdentifier>{755aa152-c945-4db2-8294-95e55098f247}</UniqueIdentifier>
    </Filter>
  </ItemGroup>
  <ItemGroup>
    <FxCompile Include="Shader\DummyPS.hlsl">
      <Filter>Shader</Filter>
    </FxCompile>
    <FxCompile Include="Shader\DummyVS.hlsl">
      <Filter>Shader</Filter>
    </FxCompile>
    <FxCompile Include="Shader\SimpleVS.hlsl">
      <Filter>Shader</Filter>
    </FxCompile>
    <FxCompile Include="Shader\SimplePS.hlsl">
      <Filter>Shader</Filter>
    </FxCompile>
    <FxCompile Include="Shader\SimpleMergedVS.hlsl">
      <Filter>Shader</Filter>
    </FxCompile>
    <FxCompile Include="Shader\SimpleIaVS.hlsl">
      <Filter>Shader</Filter>
    </FxCompile>
    <FxCompile Include="Shader\SimpleCompressedVS.hlsl">
      <Filter>Shader</Filter>
    </FxCompile>
  </ItemGroup>
</Project>